
Microsoft Visual Studio Solution File, Format Version 12.00
# Visual Studio Version 17
VisualStudioVersion = 17.9.34622.214
MinimumVisualStudioVersion = 10.0.40219.1
Project("{FAE04EC0-301F-11D3-BF4B-00C04F79EFBC}") = "ShopApp.webui", "ShopApp.webui.csproj", "{A5D07421-9EFD-4A2E-ABA0-75ED8BDE9519}"
EndProject
Project("{FAE04EC0-301F-11D3-BF4B-00C04F79EFBC}") = "ShopApp.data", "..\ShopApp.data\ShopApp.data.csproj", "{FBCAF355-3715-41C8-B91E-58682AB918AC}"
EndProject
Project("{FAE04EC0-301F-11D3-BF4B-00C04F79EFBC}") = "ShopApp.entity", "..\ShopApp.entity\ShopApp.entity.csproj", "{8C656985-D867-4F32-B3C9-744A28D838A8}"
EndProject
Project("{FAE04EC0-301F-11D3-BF4B-00C04F79EFBC}") = "ShopApp.business", "..\ShopApp.business\ShopApp.business.csproj", "{6B04C76F-F909-4817-85C5-14C0BE9DB9AA}"
EndProject
Global
	GlobalSection(SolutionConfigurationPlatforms) = preSolution
		Debug|Any CPU = Debug|Any CPU
		Release|Any CPU = Release|Any CPU
	EndGlobalSection
	GlobalSection(ProjectConfigurationPlatforms) = postSolution
		{A5D07421-9EFD-4A2E-ABA0-75ED8BDE9519}.Debug|Any CPU.ActiveCfg = Debug|Any CPU
		{A5D07421-9EFD-4A2E-ABA0-75ED8BDE9519}.Debug|Any CPU.Build.0 = Debug|Any CPU
		{A5D07421-9EFD-4A2E-ABA0-75ED8BDE9519}.Release|Any CPU.ActiveCfg = Release|Any CPU
		{A5D07421-9EFD-4A2E-ABA0-75ED8BDE9519}.Release|Any CPU.Build.0 = Release|Any CPU
		{FBCAF355-3715-41C8-B91E-58682AB918AC}.Debug|Any CPU.ActiveCfg = Debug|Any CPU
		{FBCAF355-3715-41C8-B91E-58682AB918AC}.Debug|Any CPU.Build.0 = Debug|Any CPU
		{FBCAF355-3715-41C8-B91E-58682AB918AC}.Release|Any CPU.ActiveCfg = Release|Any CPU
		{FBCAF355-3715-41C8-B91E-58682AB918AC}.Release|Any CPU.Build.0 = Release|Any CPU
		{8C656985-D867-4F32-B3C9-744A28D838A8}.Debug|Any CPU.ActiveCfg = Debug|Any CPU
		{8C656985-D867-4F32-B3C9-744A28D838A8}.Debug|Any CPU.Build.0 = Debug|Any CPU
		{8C656985-D867-4F32-B3C9-744A28D838A8}.Release|Any CPU.ActiveCfg = Release|Any CPU
		{8C656985-D867-4F32-B3C9-744A28D838A8}.Release|Any CPU.Build.0 = Release|Any CPU
		{6B04C76F-F909-4817-85C5-14C0BE9DB9AA}.Debug|Any CPU.ActiveCfg = Debug|Any CPU
		{6B04C76F-F909-4817-85C5-14C0BE9DB9AA}.Debug|Any CPU.Build.0 = Debug|Any CPU
		{6B04C76F-F909-4817-85C5-14C0BE9DB9AA}.Release|Any CPU.ActiveCfg = Release|Any CPU
		{6B04C76F-F909-4817-85C5-14C0BE9DB9AA}.Release|Any CPU.Build.0 = Release|Any CPU
	EndGlobalSection
	GlobalSection(SolutionProperties) = preSolution
		HideSolutionNode = FALSE
	EndGlobalSection
	GlobalSection(ExtensibilityGlobals) = postSolution
		SolutionGuid = {12A02747-E90C-45E6-9E9F-4A3886EBEDBB}
	EndGlobalSection
EndGlobal
